// !$*UTF8*$!
{
	archiveVersion = 1;
	classes = {
	};
	objectVersion = 46;
	objects = {

/* Begin PBXBuildFile section */
		62F546FA195D76200070206E /* Foundation.framework in Frameworks */ = {isa = PBXBuildFile; fileRef = 62F546F9195D76200070206E /* Foundation.framework */; };
		62F546FC195D76200070206E /* CoreGraphics.framework in Frameworks */ = {isa = PBXBuildFile; fileRef = 62F546FB195D76200070206E /* CoreGraphics.framework */; };
		62F546FE195D76200070206E /* UIKit.framework in Frameworks */ = {isa = PBXBuildFile; fileRef = 62F546FD195D76200070206E /* UIKit.framework */; };
		62F54704195D76200070206E /* InfoPlist.strings in Resources */ = {isa = PBXBuildFile; fileRef = 62F54702195D76200070206E /* InfoPlist.strings */; };
		62F54706195D76200070206E /* main.m in Sources */ = {isa = PBXBuildFile; fileRef = 62F54705195D76200070206E /* main.m */; };
		62F5470A195D76200070206E /* ICAppDelegate.m in Sources */ = {isa = PBXBuildFile; fileRef = 62F54709195D76200070206E /* ICAppDelegate.m */; };
		62F5470D195D76200070206E /* Main.storyboard in Resources */ = {isa = PBXBuildFile; fileRef = 62F5470B195D76200070206E /* Main.storyboard */; };
		62F54710195D76200070206E /* ICViewController.m in Sources */ = {isa = PBXBuildFile; fileRef = 62F5470F195D76200070206E /* ICViewController.m */; };
		62F54712195D76200070206E /* Images.xcassets in Resources */ = {isa = PBXBuildFile; fileRef = 62F54711195D76200070206E /* Images.xcassets */; };
		62F54719195D76200070206E /* XCTest.framework in Frameworks */ = {isa = PBXBuildFile; fileRef = 62F54718195D76200070206E /* XCTest.framework */; };
		62F5471A195D76200070206E /* Foundation.framework in Frameworks */ = {isa = PBXBuildFile; fileRef = 62F546F9195D76200070206E /* Foundation.framework */; };
		62F5471B195D76200070206E /* UIKit.framework in Frameworks */ = {isa = PBXBuildFile; fileRef = 62F546FD195D76200070206E /* UIKit.framework */; };
		62F54723195D76200070206E /* InfoPlist.strings in Resources */ = {isa = PBXBuildFile; fileRef = 62F54721195D76200070206E /* InfoPlist.strings */; };
		62F54725195D76200070206E /* ImageCropperDemoTests.m in Sources */ = {isa = PBXBuildFile; fileRef = 62F54724195D76200070206E /* ImageCropperDemoTests.m */; };
		62F54735195D77310070206E /* ImageCropperFooterView.m in Sources */ = {isa = PBXBuildFile; fileRef = 62F54730195D77310070206E /* ImageCropperFooterView.m */; };
		62F54736195D77310070206E /* ImageCropperMaskView.m in Sources */ = {isa = PBXBuildFile; fileRef = 62F54732195D77310070206E /* ImageCropperMaskView.m */; };
		62F54737195D77310070206E /* ImageCropperViewController.m in Sources */ = {isa = PBXBuildFile; fileRef = 62F54734195D77310070206E /* ImageCropperViewController.m */; };
		62F54745195D79DC0070206E /* MBProgressHUD.m in Sources */ = {isa = PBXBuildFile; fileRef = 62F54744195D79DC0070206E /* MBProgressHUD.m */; };
		62F54748195D7AD40070206E /* UIImage+fixOrientation.m in Sources */ = {isa = PBXBuildFile; fileRef = 62F54747195D7AD40070206E /* UIImage+fixOrientation.m */; };
/* End PBXBuildFile section */

/* Begin PBXContainerItemProxy section */
		62F5471C195D76200070206E /* PBXContainerItemProxy */ = {
			isa = PBXContainerItemProxy;
			containerPortal = 62F546EE195D76200070206E /* Project object */;
			proxyType = 1;
			remoteGlobalIDString = 62F546F5195D76200070206E;
			remoteInfo = ImageCropperDemo;
		};
/* End PBXContainerItemProxy section */

/* Begin PBXFileReference section */
		62F546F6195D76200070206E /* ImageCropperDemo.app */ = {isa = PBXFileReference; explicitFileType = wrapper.application; includeInIndex = 0; path = ImageCropperDemo.app; sourceTree = BUILT_PRODUCTS_DIR; };
		62F546F9195D76200070206E /* Foundation.framework */ = {isa = PBXFileReference; lastKnownFileType = wrapper.framework; name = Foundation.framework; path = System/Library/Frameworks/Foundation.framework; sourceTree = SDKROOT; };
		62F546FB195D76200070206E /* CoreGraphics.framework */ = {isa = PBXFileReference; lastKnownFileType = wrapper.framework; name = CoreGraphics.framework; path = System/Library/Frameworks/CoreGraphics.framework; sourceTree = SDKROOT; };
		62F546FD195D76200070206E /* UIKit.framework */ = {isa = PBXFileReference; lastKnownFileType = wrapper.framework; name = UIKit.framework; path = System/Library/Frameworks/UIKit.framework; sourceTree = SDKROOT; };
		62F54701195D76200070206E /* ImageCropperDemo-Info.plist */ = {isa = PBXFileReference; lastKnownFileType = text.plist.xml; path = "ImageCropperDemo-Info.plist"; sourceTree = "<group>"; };
		62F54703195D76200070206E /* en */ = {isa = PBXFileReference; lastKnownFileType = text.plist.strings; name = en; path = en.lproj/InfoPlist.strings; sourceTree = "<group>"; };
		62F54705195D76200070206E /* main.m */ = {isa = PBXFileReference; lastKnownFileType = sourcecode.c.objc; path = main.m; sourceTree = "<group>"; };
		62F54707195D76200070206E /* ImageCropperDemo-Prefix.pch */ = {isa = PBXFileReference; lastKnownFileType = sourcecode.c.h; path = "ImageCropperDemo-Prefix.pch"; sourceTree = "<group>"; };
		62F54708195D76200070206E /* ICAppDelegate.h */ = {isa = PBXFileReference; lastKnownFileType = sourcecode.c.h; path = ICAppDelegate.h; sourceTree = "<group>"; };
		62F54709195D76200070206E /* ICAppDelegate.m */ = {isa = PBXFileReference; lastKnownFileType = sourcecode.c.objc; path = ICAppDelegate.m; sourceTree = "<group>"; };
		62F5470C195D76200070206E /* Base */ = {isa = PBXFileReference; lastKnownFileType = file.storyboard; name = Base; path = Base.lproj/Main.storyboard; sourceTree = "<group>"; };
		62F5470E195D76200070206E /* ICViewController.h */ = {isa = PBXFileReference; lastKnownFileType = sourcecode.c.h; path = ICViewController.h; sourceTree = "<group>"; };
		62F5470F195D76200070206E /* ICViewController.m */ = {isa = PBXFileReference; lastKnownFileType = sourcecode.c.objc; path = ICViewController.m; sourceTree = "<group>"; };
		62F54711195D76200070206E /* Images.xcassets */ = {isa = PBXFileReference; lastKnownFileType = folder.assetcatalog; path = Images.xcassets; sourceTree = "<group>"; };
		62F54717195D76200070206E /* ImageCropperDemoTests.xctest */ = {isa = PBXFileReference; explicitFileType = wrapper.cfbundle; includeInIndex = 0; path = ImageCropperDemoTests.xctest; sourceTree = BUILT_PRODUCTS_DIR; };
		62F54718195D76200070206E /* XCTest.framework */ = {isa = PBXFileReference; lastKnownFileType = wrapper.framework; name = XCTest.framework; path = Library/Frameworks/XCTest.framework; sourceTree = DEVELOPER_DIR; };
		62F54720195D76200070206E /* ImageCropperDemoTests-Info.plist */ = {isa = PBXFileReference; lastKnownFileType = text.plist.xml; path = "ImageCropperDemoTests-Info.plist"; sourceTree = "<group>"; };
		62F54722195D76200070206E /* en */ = {isa = PBXFileReference; lastKnownFileType = text.plist.strings; name = en; path = en.lproj/InfoPlist.strings; sourceTree = "<group>"; };
		62F54724195D76200070206E /* ImageCropperDemoTests.m */ = {isa = PBXFileReference; lastKnownFileType = sourcecode.c.objc; path = ImageCropperDemoTests.m; sourceTree = "<group>"; };
		62F5472F195D77310070206E /* ImageCropperFooterView.h */ = {isa = PBXFileReference; fileEncoding = 4; lastKnownFileType = sourcecode.c.h; path = ImageCropperFooterView.h; sourceTree = "<group>"; };
		62F54730195D77310070206E /* ImageCropperFooterView.m */ = {isa = PBXFileReference; fileEncoding = 4; lastKnownFileType = sourcecode.c.objc; path = ImageCropperFooterView.m; sourceTree = "<group>"; };
		62F54731195D77310070206E /* ImageCropperMaskView.h */ = {isa = PBXFileReference; fileEncoding = 4; lastKnownFileType = sourcecode.c.h; path = ImageCropperMaskView.h; sourceTree = "<group>"; };
		62F54732195D77310070206E /* ImageCropperMaskView.m */ = {isa = PBXFileReference; fileEncoding = 4; lastKnownFileType = sourcecode.c.objc; path = ImageCropperMaskView.m; sourceTree = "<group>"; };
		62F54733195D77310070206E /* ImageCropperViewController.h */ = {isa = PBXFileReference; fileEncoding = 4; lastKnownFileType = sourcecode.c.h; path = ImageCropperViewController.h; sourceTree = "<group>"; };
		62F54734195D77310070206E /* ImageCropperViewController.m */ = {isa = PBXFileReference; fileEncoding = 4; lastKnownFileType = sourcecode.c.objc; path = ImageCropperViewController.m; sourceTree = "<group>"; };
		62F54743195D79DC0070206E /* MBProgressHUD.h */ = {isa = PBXFileReference; fileEncoding = 4; lastKnownFileType = sourcecode.c.h; path = MBProgressHUD.h; sourceTree = "<group>"; };
		62F54744195D79DC0070206E /* MBProgressHUD.m */ = {isa = PBXFileReference; fileEncoding = 4; lastKnownFileType = sourcecode.c.objc; path = MBProgressHUD.m; sourceTree = "<group>"; };
		62F54746195D7AD40070206E /* UIImage+fixOrientation.h */ = {isa = PBXFileReference; fileEncoding = 4; lastKnownFileType = sourcecode.c.h; path = "UIImage+fixOrientation.h"; sourceTree = "<group>"; };
		62F54747195D7AD40070206E /* UIImage+fixOrientation.m */ = {isa = PBXFileReference; fileEncoding = 4; lastKnownFileType = sourcecode.c.objc; path = "UIImage+fixOrientation.m"; sourceTree = "<group>"; };
/* End PBXFileReference section */

/* Begin PBXFrameworksBuildPhase section */
		62F546F3195D76200070206E /* Frameworks */ = {
			isa = PBXFrameworksBuildPhase;
			buildActionMask = 2147483647;
			files = (
				62F546FC195D76200070206E /* CoreGraphics.framework in Frameworks */,
				62F546FE195D76200070206E /* UIKit.framework in Frameworks */,
				62F546FA195D76200070206E /* Foundation.framework in Frameworks */,
			);
			runOnlyForDeploymentPostprocessing = 0;
		};
		62F54714195D76200070206E /* Frameworks */ = {
			isa = PBXFrameworksBuildPhase;
			buildActionMask = 2147483647;
			files = (
				62F54719195D76200070206E /* XCTest.framework in Frameworks */,
				62F5471B195D76200070206E /* UIKit.framework in Frameworks */,
				62F5471A195D76200070206E /* Foundation.framework in Frameworks */,
			);
			runOnlyForDeploymentPostprocessing = 0;
		};
/* End PBXFrameworksBuildPhase section */

/* Begin PBXGroup section */
		62F546ED195D76200070206E = {
			isa = PBXGroup;
			children = (
				62F546FF195D76200070206E /* ImageCropperDemo */,
				62F5471E195D76200070206E /* ImageCropperDemoTests */,
				62F546F8195D76200070206E /* Frameworks */,
				62F546F7195D76200070206E /* Products */,
			);
			sourceTree = "<group>";
		};
		62F546F7195D76200070206E /* Products */ = {
			isa = PBXGroup;
			children = (
				62F546F6195D76200070206E /* ImageCropperDemo.app */,
				62F54717195D76200070206E /* ImageCropperDemoTests.xctest */,
			);
			name = Products;
			sourceTree = "<group>";
		};
		62F546F8195D76200070206E /* Frameworks */ = {
			isa = PBXGroup;
			children = (
				62F546F9195D76200070206E /* Foundation.framework */,
				62F546FB195D76200070206E /* CoreGraphics.framework */,
				62F546FD195D76200070206E /* UIKit.framework */,
				62F54718195D76200070206E /* XCTest.framework */,
			);
			name = Frameworks;
			sourceTree = "<group>";
		};
		62F546FF195D76200070206E /* ImageCropperDemo */ = {
			isa = PBXGroup;
			children = (
				62F54742195D79DC0070206E /* MBProgressHUD */,
				62F5472E195D77310070206E /* ImageCopper */,
				62F54708195D76200070206E /* ICAppDelegate.h */,
				62F54709195D76200070206E /* ICAppDelegate.m */,
				62F5470B195D76200070206E /* Main.storyboard */,
				62F5470E195D76200070206E /* ICViewController.h */,
				62F5470F195D76200070206E /* ICViewController.m */,
				62F54711195D76200070206E /* Images.xcassets */,
				62F54700195D76200070206E /* Supporting Files */,
			);
			path = ImageCropperDemo;
			sourceTree = "<group>";
		};
		62F54700195D76200070206E /* Supporting Files */ = {
			isa = PBXGroup;
			children = (
				62F54701195D76200070206E /* ImageCropperDemo-Info.plist */,
				62F54702195D76200070206E /* InfoPlist.strings */,
				62F54705195D76200070206E /* main.m */,
				62F54707195D76200070206E /* ImageCropperDemo-Prefix.pch */,
			);
			name = "Supporting Files";
			sourceTree = "<group>";
		};
		62F5471E195D76200070206E /* ImageCropperDemoTests */ = {
			isa = PBXGroup;
			children = (
				62F54724195D76200070206E /* ImageCropperDemoTests.m */,
				62F5471F195D76200070206E /* Supporting Files */,
			);
			path = ImageCropperDemoTests;
			sourceTree = "<group>";
		};
		62F5471F195D76200070206E /* Supporting Files */ = {
			isa = PBXGroup;
			children = (
				62F54720195D76200070206E /* ImageCropperDemoTests-Info.plist */,
				62F54721195D76200070206E /* InfoPlist.strings */,
			);
			name = "Supporting Files";
			sourceTree = "<group>";
		};
		62F5472E195D77310070206E /* ImageCopper */ = {
			isa = PBXGroup;
			children = (
				62F5472F195D77310070206E /* ImageCropperFooterView.h */,
				62F54730195D77310070206E /* ImageCropperFooterView.m */,
				62F54731195D77310070206E /* ImageCropperMaskView.h */,
				62F54732195D77310070206E /* ImageCropperMaskView.m */,
				62F54733195D77310070206E /* ImageCropperViewController.h */,
				62F54734195D77310070206E /* ImageCropperViewController.m */,
				62F54746195D7AD40070206E /* UIImage+fixOrientation.h */,
				62F54747195D7AD40070206E /* UIImage+fixOrientation.m */,
			);
			path = ImageCopper;
			sourceTree = "<group>";
		};
		62F54742195D79DC0070206E /* MBProgressHUD */ = {
			isa = PBXGroup;
			children = (
				62F54743195D79DC0070206E /* MBProgressHUD.h */,
				62F54744195D79DC0070206E /* MBProgressHUD.m */,
			);
			path = MBProgressHUD;
			sourceTree = "<group>";
		};
/* End PBXGroup section */

/* Begin PBXNativeTarget section */
		62F546F5195D76200070206E /* ImageCropperDemo */ = {
			isa = PBXNativeTarget;
			buildConfigurationList = 62F54728195D76200070206E /* Build configuration list for PBXNativeTarget "ImageCropperDemo" */;
			buildPhases = (
				62F546F2195D76200070206E /* Sources */,
				62F546F3195D76200070206E /* Frameworks */,
				62F546F4195D76200070206E /* Resources */,
			);
			buildRules = (
			);
			dependencies = (
			);
			name = ImageCropperDemo;
			productName = ImageCropperDemo;
			productReference = 62F546F6195D76200070206E /* ImageCropperDemo.app */;
			productType = "com.apple.product-type.application";
		};
		62F54716195D76200070206E /* ImageCropperDemoTests */ = {
			isa = PBXNativeTarget;
			buildConfigurationList = 62F5472B195D76200070206E /* Build configuration list for PBXNativeTarget "ImageCropperDemoTests" */;
			buildPhases = (
				62F54713195D76200070206E /* Sources */,
				62F54714195D76200070206E /* Frameworks */,
				62F54715195D76200070206E /* Resources */,
			);
			buildRules = (
			);
			dependencies = (
				62F5471D195D76200070206E /* PBXTargetDependency */,
			);
			name = ImageCropperDemoTests;
			productName = ImageCropperDemoTests;
			productReference = 62F54717195D76200070206E /* ImageCropperDemoTests.xctest */;
			productType = "com.apple.product-type.bundle.unit-test";
		};
/* End PBXNativeTarget section */

/* Begin PBXProject section */
		62F546EE195D76200070206E /* Project object */ = {
			isa = PBXProject;
			attributes = {
				CLASSPREFIX = IC;
				LastUpgradeCheck = 0510;
				ORGANIZATIONNAME = "天天飞度";
				TargetAttributes = {
					62F54716195D76200070206E = {
						TestTargetID = 62F546F5195D76200070206E;
					};
				};
			};
			buildConfigurationList = 62F546F1195D76200070206E /* Build configuration list for PBXProject "ImageCropperDemo" */;
			compatibilityVersion = "Xcode 3.2";
			developmentRegion = English;
			hasScannedForEncodings = 0;
			knownRegions = (
				en,
				Base,
			);
			mainGroup = 62F546ED195D76200070206E;
			productRefGroup = 62F546F7195D76200070206E /* Products */;
			projectDirPath = "";
			projectRoot = "";
			targets = (
				62F546F5195D76200070206E /* ImageCropperDemo */,
				62F54716195D76200070206E /* ImageCropperDemoTests */,
			);
		};
/* End PBXProject section */

/* Begin PBXResourcesBuildPhase section */
		62F546F4195D76200070206E /* Resources */ = {
			isa = PBXResourcesBuildPhase;
			buildActionMask = 2147483647;
			files = (
				62F54712195D76200070206E /* Images.xcassets in Resources */,
				62F54704195D76200070206E /* InfoPlist.strings in Resources */,
				62F5470D195D76200070206E /* Main.storyboard in Resources */,
			);
			runOnlyForDeploymentPostprocessing = 0;
		};
		62F54715195D76200070206E /* Resources */ = {
			isa = PBXResourcesBuildPhase;
			buildActionMask = 2147483647;
			files = (
				62F54723195D76200070206E /* InfoPlist.strings in Resources */,
			);
			runOnlyForDeploymentPostprocessing = 0;
		};
/* End PBXResourcesBuildPhase section */

/* Begin PBXSourcesBuildPhase section */
		62F546F2195D76200070206E /* Sources */ = {
			isa = PBXSourcesBuildPhase;
			buildActionMask = 2147483647;
			files = (
				62F54737195D77310070206E /* ImageCropperViewController.m in Sources */,
				62F5470A195D76200070206E /* ICAppDelegate.m in Sources */,
				62F54748195D7AD40070206E /* UIImage+fixOrientation.m in Sources */,
				62F54706195D76200070206E /* main.m in Sources */,
				62F54710195D76200070206E /* ICViewController.m in Sources */,
				62F54736195D77310070206E /* ImageCropperMaskView.m in Sources */,
				62F54735195D77310070206E /* ImageCropperFooterView.m in Sources */,
				62F54745195D79DC0070206E /* MBProgressHUD.m in Sources */,
			);
			runOnlyForDeploymentPostprocessing = 0;
		};
		62F54713195D76200070206E /* Sources */ = {
			isa = PBXSourcesBuildPhase;
			buildActionMask = 2147483647;
			files = (
				62F54725195D76200070206E /* ImageCropperDemoTests.m in Sources */,
			);
			runOnlyForDeploymentPostprocessing = 0;
		};
/* End PBXSourcesBuildPhase section */

/* Begin PBXTargetDependency section */
		62F5471D195D76200070206E /* PBXTargetDependency */ = {
			isa = PBXTargetDependency;
			target = 62F546F5195D76200070206E /* ImageCropperDemo */;
			targetProxy = 62F5471C195D76200070206E /* PBXContainerItemProxy */;
		};
/* End PBXTargetDependency section */

/* Begin PBXVariantGroup section */
		62F54702195D76200070206E /* InfoPlist.strings */ = {
			isa = PBXVariantGroup;
			children = (
				62F54703195D76200070206E /* en */,
			);
			name = InfoPlist.strings;
			sourceTree = "<group>";
		};
		62F5470B195D76200070206E /* Main.storyboard */ = {
			isa = PBXVariantGroup;
			children = (
				62F5470C195D76200070206E /* Base */,
			);
			name = Main.storyboard;
			sourceTree = "<group>";
		};
		62F54721195D76200070206E /* InfoPlist.strings */ = {
			isa = PBXVariantGroup;
			children = (
				62F54722195D76200070206E /* en */,
			);
			name = InfoPlist.strings;
			sourceTree = "<group>";
		};
/* End PBXVariantGroup section */

/* Begin XCBuildConfiguration section */
		62F54726195D76200070206E /* Debug */ = {
			isa = XCBuildConfiguration;
			buildSettings = {
				ALWAYS_SEARCH_USER_PATHS = NO;
				CLANG_CXX_LANGUAGE_STANDARD = "gnu++0x";
				CLANG_CXX_LIBRARY = "libc++";
				CLANG_ENABLE_MODULES = YES;
				CLANG_ENABLE_OBJC_ARC = YES;
				CLANG_WARN_BOOL_CONVERSION = YES;
				CLANG_WARN_CONSTANT_CONVERSION = YES;
				CLANG_WARN_DIRECT_OBJC_ISA_USAGE = YES_ERROR;
				CLANG_WARN_EMPTY_BODY = YES;
				CLANG_WARN_ENUM_CONVERSION = YES;
				CLANG_WARN_INT_CONVERSION = YES;
				CLANG_WARN_OBJC_ROOT_CLASS = YES_ERROR;
				CLANG_WARN__DUPLICATE_METHOD_MATCH = YES;
				"CODE_SIGN_IDENTITY[sdk=iphoneos*]" = "iPhone Developer";
				COPY_PHASE_STRIP = NO;
				GCC_C_LANGUAGE_STANDARD = gnu99;
				GCC_DYNAMIC_NO_PIC = NO;
				GCC_OPTIMIZATION_LEVEL = 0;
				GCC_PREPROCESSOR_DEFINITIONS = (
					"DEBUG=1",
					"$(inherited)",
				);
				GCC_SYMBOLS_PRIVATE_EXTERN = NO;
				GCC_WARN_64_TO_32_BIT_CONVERSION = YES;
				GCC_WARN_ABOUT_RETURN_TYPE = YES_ERROR;
				GCC_WARN_UNDECLARED_SELECTOR = YES;
				GCC_WARN_UNINITIALIZED_AUTOS = YES_AGGRESSIVE;
				GCC_WARN_UNUSED_FUNCTION = YES;
				GCC_WARN_UNUSED_VARIABLE = YES;
				IPHONEOS_DEPLOYMENT_TARGET = 7.1;
				ONLY_ACTIVE_ARCH = YES;
				SDKROOT = iphoneos;
			};
			name = Debug;
		};
		62F54727195D76200070206E /* Release */ = {
			isa = XCBuildConfiguration;
			buildSettings = {
				ALWAYS_SEARCH_USER_PATHS = NO;
				CLANG_CXX_LANGUAGE_STANDARD = "gnu++0x";
				CLANG_CXX_LIBRARY = "libc++";
				CLANG_ENABLE_MODULES = YES;
				CLANG_ENABLE_OBJC_ARC = YES;
				CLANG_WARN_BOOL_CONVERSION = YES;
				CLANG_WARN_CONSTANT_CONVERSION = YES;
				CLANG_WARN_DIRECT_OBJC_ISA_USAGE = YES_ERROR;
				CLANG_WARN_EMPTY_BODY = YES;
				CLANG_WARN_ENUM_CONVERSION = YES;
				CLANG_WARN_INT_CONVERSION = YES;
				CLANG_WARN_OBJC_ROOT_CLASS = YES_ERROR;
				CLANG_WARN__DUPLICATE_METHOD_MATCH = YES;
				"CODE_SIGN_IDENTITY[sdk=iphoneos*]" = "iPhone Developer";
				COPY_PHASE_STRIP = YES;
				ENABLE_NS_ASSERTIONS = NO;
				GCC_C_LANGUAGE_STANDARD = gnu99;
				GCC_WARN_64_TO_32_BIT_CONVERSION = YES;
				GCC_WARN_ABOUT_RETURN_TYPE = YES_ERROR;
				GCC_WARN_UNDECLARED_SELECTOR = YES;
				GCC_WARN_UNINITIALIZED_AUTOS = YES_AGGRESSIVE;
				GCC_WARN_UNUSED_FUNCTION = YES;
				GCC_WARN_UNUSED_VARIABLE = YES;
				IPHONEOS_DEPLOYMENT_TARGET = 7.1;
				SDKROOT = iphoneos;
				VALIDATE_PRODUCT = YES;
			};
			name = Release;
		};
		62F54729195D76200070206E /* Debug */ = {
			isa = XCBuildConfiguration;
			buildSettings = {
				ASSETCATALOG_COMPILER_APPICON_NAME = AppIcon;
				ASSETCATALOG_COMPILER_LAUNCHIMAGE_NAME = LaunchImage;
				GCC_PRECOMPILE_PREFIX_HEADER = YES;
				GCC_PREFIX_HEADER = "ImageCropperDemo/ImageCropperDemo-Prefix.pch";
				INFOPLIST_FILE = "ImageCropperDemo/ImageCropperDemo-Info.plist";
				PRODUCT_NAME = "$(TARGET_NAME)";
				WRAPPER_EXTENSION = app;
			};
			name = Debug;
		};
		62F5472A195D76200070206E /* Release */ = {
			isa = XCBuildConfiguration;
			buildSettings = {
				ASSETCATALOG_COMPILER_APPICON_NAME = AppIcon;
				ASSETCATALOG_COMPILER_LAUNCHIMAGE_NAME = LaunchImage;
				GCC_PRECOMPILE_PREFIX_HEADER = YES;
				GCC_PREFIX_HEADER = "ImageCropperDemo/ImageCropperDemo-Prefix.pch";
				INFOPLIST_FILE = "ImageCropperDemo/ImageCropperDemo-Info.plist";
				PRODUCT_NAME = "$(TARGET_NAME)";
				WRAPPER_EXTENSION = app;
			};
			name = Release;
		};
		62F5472C195D76200070206E /* Debug */ = {
			isa = XCBuildConfiguration;
			buildSettings = {
				BUNDLE_LOADER = "$(BUILT_PRODUCTS_DIR)/ImageCropperDemo.app/ImageCropperDemo";
				FRAMEWORK_SEARCH_PATHS = (
					"$(SDKROOT)/Developer/Library/Frameworks",
					"$(inherited)",
					"$(DEVELOPER_FRAMEWORKS_DIR)",
				);
				GCC_PRECOMPILE_PREFIX_HEADER = YES;
				GCC_PREFIX_HEADER = "ImageCropperDemo/ImageCropperDemo-Prefix.pch";
				GCC_PREPROCESSOR_DEFINITIONS = (
					"DEBUG=1",
					"$(inherited)",
				);
				INFOPLIST_FILE = "ImageCropperDemoTests/ImageCropperDemoTests-Info.plist";
				PRODUCT_NAME = "$(TARGET_NAME)";
				TEST_HOST = "$(BUNDLE_LOADER)";
				WRAPPER_EXTENSION = xctest;
			};
			name = Debug;
		};
		62F5472D195D76200070206E /* Release */ = {
			isa = XCBuildConfiguration;
			buildSettings = {
				BUNDLE_LOADER = "$(BUILT_PRODUCTS_DIR)/ImageCropperDemo.app/ImageCropperDemo";
				FRAMEWORK_SEARCH_PATHS = (
					"$(SDKROOT)/Developer/Library/Frameworks",
					"$(inherited)",
					"$(DEVELOPER_FRAMEWORKS_DIR)",
				);
				GCC_PRECOMPILE_PREFIX_HEADER = YES;
				GCC_PREFIX_HEADER = "ImageCropperDemo/ImageCropperDemo-Prefix.pch";
				INFOPLIST_FILE = "ImageCropperDemoTests/ImageCropperDemoTests-Info.plist";
				PRODUCT_NAME = "$(TARGET_NAME)";
				TEST_HOST = "$(BUNDLE_LOADER)";
				WRAPPER_EXTENSION = xctest;
			};
			name = Release;
		};
/* End XCBuildConfiguration section */

/* Begin XCConfigurationList section */
		62F546F1195D76200070206E /* Build configuration list for PBXProject "ImageCropperDemo" */ = {
			isa = XCConfigurationList;
			buildConfigurations = (
				62F54726195D76200070206E /* Debug */,
				62F54727195D76200070206E /* Release */,
			);
			defaultConfigurationIsVisible = 0;
			defaultConfigurationName = Release;
		};
		62F54728195D76200070206E /* Build configuration list for PBXNativeTarget "ImageCropperDemo" */ = {
			isa = XCConfigurationList;
			buildConfigurations = (
				62F54729195D76200070206E /* Debug */,
				62F5472A195D76200070206E /* Release */,
			);
			defaultConfigurationIsVisible = 0;
		};
		62F5472B195D76200070206E /* Build configuration list for PBXNativeTarget "ImageCropperDemoTests" */ = {
			isa = XCConfigurationList;
			buildConfigurations = (
				62F5472C195D76200070206E /* Debug */,
				62F5472D195D76200070206E /* Release */,
			);
			defaultConfigurationIsVisible = 0;
		};
/* End XCConfigurationList section */
	};
	rootObject = 62F546EE195D76200070206E /* Project object */;
}
